// !$*UTF8*$!
{
	archiveVersion = 1;
	classes = {
	};
	objectVersion = 46;
	objects = {

/* Begin PBXBuildFile section */
		76A79F471DEF2FD5000A6BB5 /* main.m in Sources */ = {isa = PBXBuildFile; fileRef = 76A79F461DEF2FD5000A6BB5 /* main.m */; };
		76A79F4A1DEF2FD5000A6BB5 /* AppDelegate.m in Sources */ = {isa = PBXBuildFile; fileRef = 76A79F491DEF2FD5000A6BB5 /* AppDelegate.m */; };
		76A79F4D1DEF2FD5000A6BB5 /* ViewController.m in Sources */ = {isa = PBXBuildFile; fileRef = 76A79F4C1DEF2FD5000A6BB5 /* ViewController.m */; };
		76A79F501DEF2FD5000A6BB5 /* Main.storyboard in Resources */ = {isa = PBXBuildFile; fileRef = 76A79F4E1DEF2FD5000A6BB5 /* Main.storyboard */; };
		76A79F521DEF2FD5000A6BB5 /* Assets.xcassets in Resources */ = {isa = PBXBuildFile; fileRef = 76A79F511DEF2FD5000A6BB5 /* Assets.xcassets */; };
		76A79F551DEF2FD5000A6BB5 /* LaunchScreen.storyboard in Resources */ = {isa = PBXBuildFile; fileRef = 76A79F531DEF2FD5000A6BB5 /* LaunchScreen.storyboard */; };
/* End PBXBuildFile section */

/* Begin PBXFileReference section */
		76A79F421DEF2FD5000A6BB5 /* Stopwatch.app */ = {isa = PBXFileReference; explicitFileType = wrapper.application; includeInIndex = 0; path = Stopwatch.app; sourceTree = BUILT_PRODUCTS_DIR; };
		76A79F461DEF2FD5000A6BB5 /* main.m */ = {isa = PBXFileReference; lastKnownFileType = sourcecode.c.objc; path = main.m; sourceTree = "<group>"; };
		76A79F481DEF2FD5000A6BB5 /* AppDelegate.h */ = {isa = PBXFileReference; lastKnownFileType = sourcecode.c.h; path = AppDelegate.h; sourceTree = "<group>"; };
		76A79F491DEF2FD5000A6BB5 /* AppDelegate.m */ = {isa = PBXFileReference; lastKnownFileType = sourcecode.c.objc; path = AppDelegate.m; sourceTree = "<group>"; };
		76A79F4B1DEF2FD5000A6BB5 /* ViewController.h */ = {isa = PBXFileReference; lastKnownFileType = sourcecode.c.h; path = ViewController.h; sourceTree = "<group>"; };
		76A79F4C1DEF2FD5000A6BB5 /* ViewController.m */ = {isa = PBXFileReference; lastKnownFileType = sourcecode.c.objc; path = ViewController.m; sourceTree = "<group>"; };
		76A79F4F1DEF2FD5000A6BB5 /* Base */ = {isa = PBXFileReference; lastKnownFileType = file.storyboard; name = Base; path = Base.lproj/Main.storyboard; sourceTree = "<group>"; };
		76A79F511DEF2FD5000A6BB5 /* Assets.xcassets */ = {isa = PBXFileReference; lastKnownFileType = folder.assetcatalog; path = Assets.xcassets; sourceTree = "<group>"; };
		76A79F541DEF2FD5000A6BB5 /* Base */ = {isa = PBXFileReference; lastKnownFileType = file.storyboard; name = Base; path = Base.lproj/LaunchScreen.storyboard; sourceTree = "<group>"; };
		76A79F561DEF2FD5000A6BB5 /* Info.plist */ = {isa = PBXFileReference; lastKnownFileType = text.plist.xml; path = Info.plist; sourceTree = "<group>"; };
/* End PBXFileReference section */

/* Begin PBXFrameworksBuildPhase section */
		76A79F3F1DEF2FD5000A6BB5 /* Frameworks */ = {
			isa = PBXFrameworksBuildPhase;
			buildActionMask = 2147483647;
			files = (
			);
			runOnlyForDeploymentPostprocessing = 0;
		};
/* End PBXFrameworksBuildPhase section */

/* Begin PBXGroup section */
		76A79F391DEF2FD5000A6BB5 = {
			isa = PBXGroup;
			children = (
				76A79F441DEF2FD5000A6BB5 /* Stopwatch */,
				76A79F431DEF2FD5000A6BB5 /* Products */,
			);
			sourceTree = "<group>";
		};
		76A79F431DEF2FD5000A6BB5 /* Products */ = {
			isa = PBXGroup;
			children = (
				76A79F421DEF2FD5000A6BB5 /* Stopwatch.app */,
			);
			name = Products;
			sourceTree = "<group>";
		};
		76A79F441DEF2FD5000A6BB5 /* Stopwatch */ = {
			isa = PBXGroup;
			children = (
				76A79F481DEF2FD5000A6BB5 /* AppDelegate.h */,
				76A79F491DEF2FD5000A6BB5 /* AppDelegate.m */,
				76A79F4B1DEF2FD5000A6BB5 /* ViewController.h */,
				76A79F4C1DEF2FD5000A6BB5 /* ViewController.m */,
				76A79F4E1DEF2FD5000A6BB5 /* Main.storyboard */,
				76A79F511DEF2FD5000A6BB5 /* Assets.xcassets */,
				76A79F531DEF2FD5000A6BB5 /* LaunchScreen.storyboard */,
				76A79F561DEF2FD5000A6BB5 /* Info.plist */,
				76A79F451DEF2FD5000A6BB5 /* Supporting Files */,
			);
			path = Stopwatch;
			sourceTree = "<group>";
		};
		76A79F451DEF2FD5000A6BB5 /* Supporting Files */ = {
			isa = PBXGroup;
			children = (
				76A79F461DEF2FD5000A6BB5 /* main.m */,
			);
			name = "Supporting Files";
			sourceTree = "<group>";
		};
/* End PBXGroup section */

/* Begin PBXNativeTarget section */
		76A79F411DEF2FD5000A6BB5 /* Stopwatch */ = {
			isa = PBXNativeTarget;
			buildConfigurationList = 76A79F591DEF2FD5000A6BB5 /* Build configuration list for PBXNativeTarget "Stopwatch" */;
			buildPhases = (
				76A79F3E1DEF2FD5000A6BB5 /* Sources */,
				76A79F3F1DEF2FD5000A6BB5 /* Frameworks */,
				76A79F401DEF2FD5000A6BB5 /* Resources */,
			);
			buildRules = (
			);
			dependencies = (
			);
			name = Stopwatch;
			productName = Stopwatch;
			productReference = 76A79F421DEF2FD5000A6BB5 /* Stopwatch.app */;
			productType = "com.apple.product-type.application";
		};
/* End PBXNativeTarget section */

/* Begin PBXProject section */
		76A79F3A1DEF2FD5000A6BB5 /* Project object */ = {
			isa = PBXProject;
			attributes = {
				LastUpgradeCheck = 0810;
				ORGANIZATIONNAME = "The Iron Yard";
				TargetAttributes = {
					76A79F411DEF2FD5000A6BB5 = {
						CreatedOnToolsVersion = 8.1;
						ProvisioningStyle = Automatic;
					};
				};
			};
			buildConfigurationList = 76A79F3D1DEF2FD5000A6BB5 /* Build configuration list for PBXProject "Stopwatch" */;
			compatibilityVersion = "Xcode 3.2";
			developmentRegion = English;
			hasScannedForEncodings = 0;
			knownRegions = (
				en,
				Base,
			);
			mainGroup = 76A79F391DEF2FD5000A6BB5;
			productRefGroup = 76A79F431DEF2FD5000A6BB5 /* Products */;
			projectDirPath = "";
			projectRoot = "";
			targets = (
				76A79F411DEF2FD5000A6BB5 /* Stopwatch */,
			);
		};
/* End PBXProject section */

/* Begin PBXResourcesBuildPhase section */
		76A79F401DEF2FD5000A6BB5 /* Resources */ = {
			isa = PBXResourcesBuildPhase;
			buildActionMask = 2147483647;
			files = (
				76A79F551DEF2FD5000A6BB5 /* LaunchScreen.storyboard in Resources */,
				76A79F521DEF2FD5000A6BB5 /* Assets.xcassets in Resources */,
				76A79F501DEF2FD5000A6BB5 /* Main.storyboard in Resources */,
			);
			runOnlyForDeploymentPostprocessing = 0;
		};
/* End PBXResourcesBuildPhase section */

/* Begin PBXSourcesBuildPhase section */
		76A79F3E1DEF2FD5000A6BB5 /* Sources */ = {
			isa = PBXSourcesBuildPhase;
			buildActionMask = 2147483647;
			files = (
				76A79F4D1DEF2FD5000A6BB5 /* ViewController.m in Sources */,
				76A79F4A1DEF2FD5000A6BB5 /* AppDelegate.m in Sources */,
				76A79F471DEF2FD5000A6BB5 /* main.m in Sources */,
			);
			runOnlyForDeploymentPostprocessing = 0;
		};
/* End PBXSourcesBuildPhase section */

/* Begin PBXVariantGroup section */
		76A79F4E1DEF2FD5000A6BB5 /* Main.storyboard */ = {
			isa = PBXVariantGroup;
			children = (
				76A79F4F1DEF2FD5000A6BB5 /* Base */,
			);
			name = Main.storyboard;
			sourceTree = "<group>";
		};
		76A79F531DEF2FD5000A6BB5 /* LaunchScreen.storyboard */ = {
			isa = PBXVariantGroup;
			children = (
				76A79F541DEF2FD5000A6BB5 /* Base */,
			);
			name = LaunchScreen.storyboard;
			sourceTree = "<group>";
		};
/* End PBXVariantGroup section */

/* Begin XCBuildConfiguration section */
		76A79F571DEF2FD5000A6BB5 /* Debug */ = {
			isa = XCBuildConfiguration;
			buildSettings = {
				ALWAYS_SEARCH_USER_PATHS = NO;
				CLANG_ANALYZER_NONNULL = YES;
				CLANG_CXX_LANGUAGE_STANDARD = "gnu++0x";
				CLANG_CXX_LIBRARY = "libc++";
				CLANG_ENABLE_MODULES = YES;
				CLANG_ENABLE_OBJC_ARC = YES;
				CLANG_WARN_BOOL_CONVERSION = YES;
				CLANG_WARN_CONSTANT_CONVERSION = YES;
				CLANG_WARN_DIRECT_OBJC_ISA_USAGE = YES_ERROR;
				CLANG_WARN_DOCUMENTATION_COMMENTS = YES;
				CLANG_WARN_EMPTY_BODY = YES;
				CLANG_WARN_ENUM_CONVERSION = YES;
				CLANG_WARN_INFINITE_RECURSION = YES;
				CLANG_WARN_INT_CONVERSION = YES;
				CLANG_WARN_OBJC_ROOT_CLASS = YES_ERROR;
				CLANG_WARN_SUSPICIOUS_MOVES = YES;
				CLANG_WARN_UNREACHABLE_CODE = YES;
				CLANG_WARN__DUPLICATE_METHOD_MATCH = YES;
				"CODE_SIGN_IDENTITY[sdk=iphoneos*]" = "iPhone Developer";
				COPY_PHASE_STRIP = NO;
				DEBUG_INFORMATION_FORMAT = dwarf;
				ENABLE_STRICT_OBJC_MSGSEND = YES;
				ENABLE_TESTABILITY = YES;
				GCC_C_LANGUAGE_STANDARD = gnu99;
				GCC_DYNAMIC_NO_PIC = NO;
				GCC_NO_COMMON_BLOCKS = YES;
				GCC_OPTIMIZATION_LEVEL = 0;
				GCC_PREPROCESSOR_DEFINITIONS = (
					"DEBUG=1",
					"$(inherited)",
				);
				GCC_WARN_64_TO_32_BIT_CONVERSION = YES;
				GCC_WARN_ABOUT_RETURN_TYPE = YES_ERROR;
				GCC_WARN_UNDECLARED_SELECTOR = YES;
				GCC_WARN_UNINITIALIZED_AUTOS = YES_AGGRESSIVE;
				GCC_WARN_UNUSED_FUNCTION = YES;
				GCC_WARN_UNUSED_VARIABLE = YES;
				IPHONEOS_DEPLOYMENT_TARGET = 10.1;
				MTL_ENABLE_DEBUG_INFO = YES;
				ONLY_ACTIVE_ARCH = YES;
				SDKROOT = iphoneos;
			};
			name = Debug;
		};
		76A79F581DEF2FD5000A6BB5 /* Release */ = {
			isa = XCBuildConfiguration;
			buildSettings = {
				ALWAYS_SEARCH_USER_PATHS = NO;
				CLANG_ANALYZER_NONNULL = YES;
				CLANG_CXX_LANGUAGE_STANDARD = "gnu++0x";
				CLANG_CXX_LIBRARY = "libc++";
				CLANG_ENABLE_MODULES = YES;
				CLANG_ENABLE_OBJC_ARC = YES;
				CLANG_WARN_BOOL_CONVERSION = YES;
				CLANG_WARN_CONSTANT_CONVERSION = YES;
				CLANG_WARN_DIRECT_OBJC_ISA_USAGE = YES_ERROR;
				CLANG_WARN_DOCUMENTATION_COMMENTS = YES;
				CLANG_WARN_EMPTY_BODY = YES;
				CLANG_WARN_ENUM_CONVERSION = YES;
				CLANG_WARN_INFINITE_RECURSION = YES;
				CLANG_WARN_INT_CONVERSION = YES;
				CLANG_WARN_OBJC_ROOT_CLASS = YES_ERROR;
				CLANG_WARN_SUSPICIOUS_MOVES = YES;
				CLANG_WARN_UNREACHABLE_CODE = YES;
				CLANG_WARN__DUPLICATE_METHOD_MATCH = YES;
				"CODE_SIGN_IDENTITY[sdk=iphoneos*]" = "iPhone Developer";
				COPY_PHASE_STRIP = NO;
				DEBUG_INFORMATION_FORMAT = "dwarf-with-dsym";
				ENABLE_NS_ASSERTIONS = NO;
				ENABLE_STRICT_OBJC_MSGSEND = YES;
				GCC_C_LANGUAGE_STANDARD = gnu99;
				GCC_NO_COMMON_BLOCKS = YES;
				GCC_WARN_64_TO_32_BIT_CONVERSION = YES;
				GCC_WARN_ABOUT_RETURN_TYPE = YES_ERROR;
				GCC_WARN_UNDECLARED_SELECTOR = YES;
				GCC_WARN_UNINITIALIZED_AUTOS = YES_AGGRESSIVE;
				GCC_WARN_UNUSED_FUNCTION = YES;
				GCC_WARN_UNUSED_VARIABLE = YES;
				IPHONEOS_DEPLOYMENT_TARGET = 10.1;
				MTL_ENABLE_DEBUG_INFO = NO;
				SDKROOT = iphoneos;
				VALIDATE_PRODUCT = YES;
			};
			name = Release;
		};
		76A79F5A1DEF2FD5000A6BB5 /* Debug */ = {
			isa = XCBuildConfiguration;
			buildSettings = {
				ASSETCATALOG_COMPILER_APPICON_NAME = AppIcon;
				INFOPLIST_FILE = Stopwatch/Info.plist;
				LD_RUNPATH_SEARCH_PATHS = "$(inherited) @executable_path/Frameworks";
				PRODUCT_BUNDLE_IDENTIFIER = com.tiy.Stopwatch;
				PRODUCT_NAME = "$(TARGET_NAME)";
			};
			name = Debug;
		};
		76A79F5B1DEF2FD5000A6BB5 /* Release */ = {
			isa = XCBuildConfiguration;
			buildSettings = {
				ASSETCATALOG_COMPILER_APPICON_NAME = AppIcon;
				INFOPLIST_FILE = Stopwatch/Info.plist;
				LD_RUNPATH_SEARCH_PATHS = "$(inherited) @executable_path/Frameworks";
				PRODUCT_BUNDLE_IDENTIFIER = com.tiy.Stopwatch;
				PRODUCT_NAME = "$(TARGET_NAME)";
			};
			name = Release;
		};
/* End XCBuildConfiguration section */

/* Begin XCConfigurationList section */
		76A79F3D1DEF2FD5000A6BB5 /* Build configuration list for PBXProject "Stopwatch" */ = {
			isa = XCConfigurationList;
			buildConfigurations = (
				76A79F571DEF2FD5000A6BB5 /* Debug */,
				76A79F581DEF2FD5000A6BB5 /* Release */,
			);
			defaultConfigurationIsVisible = 0;
			defaultConfigurationName = Release;
		};
		76A79F591DEF2FD5000A6BB5 /* Build configuration list for PBXNativeTarget "Stopwatch" */ = {
			isa = XCConfigurationList;
			buildConfigurations = (
				76A79F5A1DEF2FD5000A6BB5 /* Debug */,
				76A79F5B1DEF2FD5000A6BB5 /* Release */,
			);
			defaultConfigurationIsVisible = 0;
		};
/* End XCConfigurationList section */
	};
	rootObject = 76A79F3A1DEF2FD5000A6BB5 /* Project object */;
}
